
Microsoft Visual Studio Solution File, Format Version 12.00
# Visual Studio 15
VisualStudioVersion = 15.0.28307.572
MinimumVisualStudioVersion = 10.0.40219.1
Project("{FAE04EC0-301F-11D3-BF4B-00C04F79EFBC}") = "Destroy", "Destroy\Destroy.csproj", "{AD2E3198-3A23-4D21-849A-622D64BEF60A}"
EndProject
Global
	GlobalSection(SolutionConfigurationPlatforms) = preSolution
		Debug|Any CPU = Debug|Any CPU
		Release|Any CPU = Release|Any CPU
	EndGlobalSection
	GlobalSection(ProjectConfigurationPlatforms) = postSolution
		{AD2E3198-3A23-4D21-849A-622D64BEF60A}.Debug|Any CPU.ActiveCfg = Debug|Any CPU
		{AD2E3198-3A23-4D21-849A-622D64BEF60A}.Debug|Any CPU.Build.0 = Debug|Any CPU
		{AD2E3198-3A23-4D21-849A-622D64BEF60A}.Release|Any CPU.ActiveCfg = Release|Any CPU
		{AD2E3198-3A23-4D21-849A-622D64BEF60A}.Release|Any CPU.Build.0 = Release|Any CPU
	EndGlobalSection
	GlobalSection(SolutionProperties) = preSolution
		HideSolutionNode = FALSE
	EndGlobalSection
	GlobalSection(ExtensibilityGlobals) = postSolution
		SolutionGuid = {068FCE44-452C-4AD9-B71D-2ABB9A200ED9}
	EndGlobalSection
EndGlobal
