
Microsoft Visual Studio Solution File, Format Version 12.00
# Visual Studio 15
VisualStudioVersion = 15.0.28307.572
MinimumVisualStudioVersion = 10.0.40219.1
Project("{8BC9CEB8-8B4A-11D0-8D11-00A0C91BC942}") = "DestroyKernel", "DestroyKernel\DestroyKernel.vcxproj", "{D4AF0E30-20AA-4B7D-90D3-988FDDF068EA}"
EndProject
Global
	GlobalSection(SolutionConfigurationPlatforms) = preSolution
		Debug|x64 = Debug|x64
		Debug|x86 = Debug|x86
		Release|x64 = Release|x64
		Release|x86 = Release|x86
	EndGlobalSection
	GlobalSection(ProjectConfigurationPlatforms) = postSolution
		{D4AF0E30-20AA-4B7D-90D3-988FDDF068EA}.Debug|x64.ActiveCfg = Debug|x64
		{D4AF0E30-20AA-4B7D-90D3-988FDDF068EA}.Debug|x64.Build.0 = Debug|x64
		{D4AF0E30-20AA-4B7D-90D3-988FDDF068EA}.Debug|x86.ActiveCfg = Debug|Win32
		{D4AF0E30-20AA-4B7D-90D3-988FDDF068EA}.Debug|x86.Build.0 = Debug|Win32
		{D4AF0E30-20AA-4B7D-90D3-988FDDF068EA}.Release|x64.ActiveCfg = Release|x64
		{D4AF0E30-20AA-4B7D-90D3-988FDDF068EA}.Release|x64.Build.0 = Release|x64
		{D4AF0E30-20AA-4B7D-90D3-988FDDF068EA}.Release|x86.ActiveCfg = Release|Win32
		{D4AF0E30-20AA-4B7D-90D3-988FDDF068EA}.Release|x86.Build.0 = Release|Win32
	EndGlobalSection
	GlobalSection(SolutionProperties) = preSolution
		HideSolutionNode = FALSE
	EndGlobalSection
	GlobalSection(ExtensibilityGlobals) = postSolution
		SolutionGuid = {EFB59B33-CEF4-4E27-832E-5E2E62AF4ACC}
	EndGlobalSection
EndGlobal
